{
  "name": "Proyecto-Grado-Sistemas",
  "lockfileVersion": 3,
  "requires": true,
  "packages": {
    "": {
      "dependencies": {
        "@tanstack/query-sync-storage-persister": "^5.100.13",
        "@tanstack/react-query-persist-client": "^5.100.13"
      }
    },
    "node_modules/@tanstack/query-core": {
      "version": "5.100.13",
      "resolved": "https://registry.npmjs.org/@tanstack/query-core/-/query-core-5.100.13.tgz",
      "integrity": "sha512-mlKVKMTzZWGTKAC1CKOgt7axAjJ921emkEvYIp27I/PdP1yEYL/BteLY8iK35gn8hoYeKB4mgJ/ve3lrDI6/Fw==",
      "license": "MIT",
      "funding": {
        "type": "github",
        "url": "https://github.com/sponsors/tannerlinsley"
      }
    },
    "node_modules/@tanstack/query-persist-client-core": {
      "version": "5.100.13",
      "resolved": "https://registry.npmjs.org/@tanstack/query-persist-client-core/-/query-persist-client-core-5.100.13.tgz",
      "integrity": "sha512-y0er+wfRn+TL3uNQ9mUSJcoSv+DTkKN0QFFy+CLM+zZVwuQ/CCgR+ApAp7aAaU7XzPILuhM0XSgnDyMlwMIrvQ==",
      "license": "MIT",
      "dependencies": {
        "@tanstack/query-core": "5.100.13"
      },
      "funding": {
        "type": "github",
        "url": "https://github.com/sponsors/tannerlinsley"
      }
    },
    "node_modules/@tanstack/query-sync-storage-persister": {
      "version": "5.100.13",
      "resolved": "https://registry.npmjs.org/@tanstack/query-sync-storage-persister/-/query-sync-storage-persister-5.100.13.tgz",
      "integrity": "sha512-GNbPy/gBUD7+a3cAxZmHOmMtvbJhXsgDVv2gPfF5vVkC8o5fM2HdYKJHWZhaUiBjHGeVqX13r1EvDY7HX0BRaQ==",
      "license": "MIT",
      "dependencies": {
        "@tanstack/query-core": "5.100.13",
        "@tanstack/query-persist-client-core": "5.100.13"
      },
      "funding": {
        "type": "github",
        "url": "https://github.com/sponsors/tannerlinsley"
      }
    },
    "node_modules/@tanstack/react-query": {
      "version": "5.100.13",
      "resolved": "https://registry.npmjs.org/@tanstack/react-query/-/react-query-5.100.13.tgz",
      "integrity": "sha512-HSBr8CycQEAoXsJR7KNDawBnINJEJ96Eme8oE0hCXjyodE2I97vg3IDzDJBDu18LsbzpVVJcKo80eqLfVCykxw==",
      "license": "MIT",
      "peer": true,
      "dependencies": {
        "@tanstack/query-core": "5.100.13"
      },
      "funding": {
        "type": "github",
        "url": "https://github.com/sponsors/tannerlinsley"
      },
      "peerDependencies": {
        "react": "^18 || ^19"
      }
    },
    "node_modules/@tanstack/react-query-persist-client": {
      "version": "5.100.13",
      "resolved": "https://registry.npmjs.org/@tanstack/react-query-persist-client/-/react-query-persist-client-5.100.13.tgz",
      "integrity": "sha512-1Mvlkc4ay9sbdI9CuV4G3rbhSMk1lqST2lQZ0v7aLQzAEzARI9Kqz956PDhHIAVoKc6qTmwHoL7OauflcSCkNw==",
      "license": "MIT",
      "dependencies": {
        "@tanstack/query-persist-client-core": "5.100.13"
      },
      "funding": {
        "type": "github",
        "url": "https://github.com/sponsors/tannerlinsley"
      },
      "peerDependencies": {
        "@tanstack/react-query": "^5.100.13",
        "react": "^18 || ^19"
      }
    },
    "node_modules/react": {
      "version": "19.2.6",
      "resolved": "https://registry.npmjs.org/react/-/react-19.2.6.tgz",
      "integrity": "sha512-sfWGGfavi0xr8Pg0sVsyHMAOziVYKgPLNrS7ig+ivMNb3wbCBw3KxtflsGBAwD3gYQlE/AEZsTLgToRrSCjb0Q==",
      "license": "MIT",
      "peer": true,
      "engines": {
        "node": ">=0.10.0"
      }
    }
  }
}
